
Microsoft Visual Studio Solution File, Format Version 12.00
# Visual Studio Version 16
VisualStudioVersion = 16.0.31129.286
MinimumVisualStudioVersion = 10.0.40219.1
Project("{FAE04EC0-301F-11D3-BF4B-00C04F79EFBC}") = "QueryByExample_N18DCCN236", "QueryByExample_N18DCCN236\QueryByExample_N18DCCN236.csproj", "{84E4154B-4910-4153-9443-A335B89F41C8}"
EndProject
Global
	GlobalSection(SolutionConfigurationPlatforms) = preSolution
		Debug|Any CPU = Debug|Any CPU
		Release|Any CPU = Release|Any CPU
	EndGlobalSection
	GlobalSection(ProjectConfigurationPlatforms) = postSolution
		{84E4154B-4910-4153-9443-A335B89F41C8}.Debug|Any CPU.ActiveCfg = Debug|Any CPU
		{84E4154B-4910-4153-9443-A335B89F41C8}.Debug|Any CPU.Build.0 = Debug|Any CPU
		{84E4154B-4910-4153-9443-A335B89F41C8}.Release|Any CPU.ActiveCfg = Release|Any CPU
		{84E4154B-4910-4153-9443-A335B89F41C8}.Release|Any CPU.Build.0 = Release|Any CPU
	EndGlobalSection
	GlobalSection(SolutionProperties) = preSolution
		HideSolutionNode = FALSE
	EndGlobalSection
	GlobalSection(ExtensibilityGlobals) = postSolution
		SolutionGuid = {79BED376-4EF2-4D52-8D53-315946B18F85}
	EndGlobalSection
EndGlobal
